
Microsoft Visual Studio Solution File, Format Version 12.00
# Visual Studio Version 17
VisualStudioVersion = 17.3.32825.248
MinimumVisualStudioVersion = 10.0.40219.1
Project("{FAE04EC0-301F-11D3-BF4B-00C04F79EFBC}") = "Bai5_DocChuSo", "Bai5_DocChuSo.csproj", "{E1DA3D79-B711-42A9-9FD4-F9CE81084467}"
EndProject
Global
	GlobalSection(SolutionConfigurationPlatforms) = preSolution
		Debug|Any CPU = Debug|Any CPU
		Release|Any CPU = Release|Any CPU
	EndGlobalSection
	GlobalSection(ProjectConfigurationPlatforms) = postSolution
		{E1DA3D79-B711-42A9-9FD4-F9CE81084467}.Debug|Any CPU.ActiveCfg = Debug|Any CPU
		{E1DA3D79-B711-42A9-9FD4-F9CE81084467}.Debug|Any CPU.Build.0 = Debug|Any CPU
		{E1DA3D79-B711-42A9-9FD4-F9CE81084467}.Release|Any CPU.ActiveCfg = Release|Any CPU
		{E1DA3D79-B711-42A9-9FD4-F9CE81084467}.Release|Any CPU.Build.0 = Release|Any CPU
	EndGlobalSection
	GlobalSection(SolutionProperties) = preSolution
		HideSolutionNode = FALSE
	EndGlobalSection
	GlobalSection(ExtensibilityGlobals) = postSolution
		SolutionGuid = {ED595879-57A6-46FF-81B5-D8C4EE344D57}
	EndGlobalSection
EndGlobal
